// !$*UTF8*$!
{
	archiveVersion = 1;
	classes = {
	};
	objectVersion = 52;
	objects = {

/* Begin PBXBuildFile section */
		646AB8EB273BDB8B00CC905A /* AppDelegate.swift in Sources */ = {isa = PBXBuildFile; fileRef = 646AB8EA273BDB8B00CC905A /* AppDelegate.swift */; };
		646AB8ED273BDB8B00CC905A /* SceneDelegate.swift in Sources */ = {isa = PBXBuildFile; fileRef = 646AB8EC273BDB8B00CC905A /* SceneDelegate.swift */; };
		646AB8EF273BDB8B00CC905A /* HomeViewController.swift in Sources */ = {isa = PBXBuildFile; fileRef = 646AB8EE273BDB8B00CC905A /* HomeViewController.swift */; };
		646AB8F4273BDB8D00CC905A /* Assets.xcassets in Resources */ = {isa = PBXBuildFile; fileRef = 646AB8F3273BDB8D00CC905A /* Assets.xcassets */; };
		646AB8F7273BDB8D00CC905A /* LaunchScreen.storyboard in Resources */ = {isa = PBXBuildFile; fileRef = 646AB8F5273BDB8D00CC905A /* LaunchScreen.storyboard */; };
		646AB901273C112B00CC905A /* BottomControlView.swift in Sources */ = {isa = PBXBuildFile; fileRef = 646AB900273C112B00CC905A /* BottomControlView.swift */; };
		646AB904273C1E4200CC905A /* UIImage-Extension.swift in Sources */ = {isa = PBXBuildFile; fileRef = 646AB903273C1E4200CC905A /* UIImage-Extension.swift */; };
		646AB906273CB6A800CC905A /* TopControlView.swift in Sources */ = {isa = PBXBuildFile; fileRef = 646AB905273CB6A800CC905A /* TopControlView.swift */; };
		646AB909273CBF1000CC905A /* RxSwift in Frameworks */ = {isa = PBXBuildFile; productRef = 646AB908273CBF1000CC905A /* RxSwift */; };
		646AB90B273CBF1000CC905A /* RxCocoa in Frameworks */ = {isa = PBXBuildFile; productRef = 646AB90A273CBF1000CC905A /* RxCocoa */; };
		646AB90D273CBF1000CC905A /* RxRelay in Frameworks */ = {isa = PBXBuildFile; productRef = 646AB90C273CBF1000CC905A /* RxRelay */; };
		646AB90F273CCC5100CC905A /* UIView-Extension.swift in Sources */ = {isa = PBXBuildFile; fileRef = 646AB90E273CCC5100CC905A /* UIView-Extension.swift */; };
		646AB911273CD37100CC905A /* CardView.swift in Sources */ = {isa = PBXBuildFile; fileRef = 646AB910273CD37100CC905A /* CardView.swift */; };
		646AB913273D009D00CC905A /* UIColor-Extension.swift in Sources */ = {isa = PBXBuildFile; fileRef = 646AB912273D009D00CC905A /* UIColor-Extension.swift */; };
		646AB915273D1CFC00CC905A /* CardInfoLabel.swift in Sources */ = {isa = PBXBuildFile; fileRef = 646AB914273D1CFC00CC905A /* CardInfoLabel.swift */; };
		646AB917273D22AD00CC905A /* UIButton-Extension.swift in Sources */ = {isa = PBXBuildFile; fileRef = 646AB916273D22AD00CC905A /* UIButton-Extension.swift */; };
		646AB919273D23C400CC905A /* CardImageView.swift in Sources */ = {isa = PBXBuildFile; fileRef = 646AB918273D23C400CC905A /* CardImageView.swift */; };
/* End PBXBuildFile section */

/* Begin PBXFileReference section */
		646AB8E7273BDB8B00CC905A /* MatchingApp.app */ = {isa = PBXFileReference; explicitFileType = wrapper.application; includeInIndex = 0; path = MatchingApp.app; sourceTree = BUILT_PRODUCTS_DIR; };
		646AB8EA273BDB8B00CC905A /* AppDelegate.swift */ = {isa = PBXFileReference; lastKnownFileType = sourcecode.swift; path = AppDelegate.swift; sourceTree = "<group>"; };
		646AB8EC273BDB8B00CC905A /* SceneDelegate.swift */ = {isa = PBXFileReference; lastKnownFileType = sourcecode.swift; path = SceneDelegate.swift; sourceTree = "<group>"; };
		646AB8EE273BDB8B00CC905A /* HomeViewController.swift */ = {isa = PBXFileReference; lastKnownFileType = sourcecode.swift; path = HomeViewController.swift; sourceTree = "<group>"; };
		646AB8F3273BDB8D00CC905A /* Assets.xcassets */ = {isa = PBXFileReference; lastKnownFileType = folder.assetcatalog; path = Assets.xcassets; sourceTree = "<group>"; };
		646AB8F6273BDB8D00CC905A /* Base */ = {isa = PBXFileReference; lastKnownFileType = file.storyboard; name = Base; path = Base.lproj/LaunchScreen.storyboard; sourceTree = "<group>"; };
		646AB8F8273BDB8D00CC905A /* Info.plist */ = {isa = PBXFileReference; lastKnownFileType = text.plist.xml; path = Info.plist; sourceTree = "<group>"; };
		646AB900273C112B00CC905A /* BottomControlView.swift */ = {isa = PBXFileReference; lastKnownFileType = sourcecode.swift; path = BottomControlView.swift; sourceTree = "<group>"; };
		646AB903273C1E4200CC905A /* UIImage-Extension.swift */ = {isa = PBXFileReference; lastKnownFileType = sourcecode.swift; path = "UIImage-Extension.swift"; sourceTree = "<group>"; };
		646AB905273CB6A800CC905A /* TopControlView.swift */ = {isa = PBXFileReference; lastKnownFileType = sourcecode.swift; path = TopControlView.swift; sourceTree = "<group>"; };
		646AB90E273CCC5100CC905A /* UIView-Extension.swift */ = {isa = PBXFileReference; lastKnownFileType = sourcecode.swift; path = "UIView-Extension.swift"; sourceTree = "<group>"; };
		646AB910273CD37100CC905A /* CardView.swift */ = {isa = PBXFileReference; lastKnownFileType = sourcecode.swift; path = CardView.swift; sourceTree = "<group>"; };
		646AB912273D009D00CC905A /* UIColor-Extension.swift */ = {isa = PBXFileReference; lastKnownFileType = sourcecode.swift; path = "UIColor-Extension.swift"; sourceTree = "<group>"; };
		646AB914273D1CFC00CC905A /* CardInfoLabel.swift */ = {isa = PBXFileReference; lastKnownFileType = sourcecode.swift; path = CardInfoLabel.swift; sourceTree = "<group>"; };
		646AB916273D22AD00CC905A /* UIButton-Extension.swift */ = {isa = PBXFileReference; lastKnownFileType = sourcecode.swift; path = "UIButton-Extension.swift"; sourceTree = "<group>"; };
		646AB918273D23C400CC905A /* CardImageView.swift */ = {isa = PBXFileReference; lastKnownFileType = sourcecode.swift; path = CardImageView.swift; sourceTree = "<group>"; };
/* End PBXFileReference section */

/* Begin PBXFrameworksBuildPhase section */
		646AB8E4273BDB8B00CC905A /* Frameworks */ = {
			isa = PBXFrameworksBuildPhase;
			buildActionMask = 2147483647;
			files = (
				646AB90D273CBF1000CC905A /* RxRelay in Frameworks */,
				646AB90B273CBF1000CC905A /* RxCocoa in Frameworks */,
				646AB909273CBF1000CC905A /* RxSwift in Frameworks */,
			);
			runOnlyForDeploymentPostprocessing = 0;
		};
/* End PBXFrameworksBuildPhase section */

/* Begin PBXGroup section */
		646AB8DE273BDB8B00CC905A = {
			isa = PBXGroup;
			children = (
				646AB8E9273BDB8B00CC905A /* MatchingApp */,
				646AB8E8273BDB8B00CC905A /* Products */,
			);
			sourceTree = "<group>";
		};
		646AB8E8273BDB8B00CC905A /* Products */ = {
			isa = PBXGroup;
			children = (
				646AB8E7273BDB8B00CC905A /* MatchingApp.app */,
			);
			name = Products;
			sourceTree = "<group>";
		};
		646AB8E9273BDB8B00CC905A /* MatchingApp */ = {
			isa = PBXGroup;
			children = (
				646AB902273C1E2400CC905A /* Extensions */,
				646AB8FF273C10F800CC905A /* Views */,
				646AB8FE273C10A400CC905A /* ViewControllers */,
				646AB8EA273BDB8B00CC905A /* AppDelegate.swift */,
				646AB8EC273BDB8B00CC905A /* SceneDelegate.swift */,
				646AB8F3273BDB8D00CC905A /* Assets.xcassets */,
				646AB8F5273BDB8D00CC905A /* LaunchScreen.storyboard */,
				646AB8F8273BDB8D00CC905A /* Info.plist */,
			);
			path = MatchingApp;
			sourceTree = "<group>";
		};
		646AB8FE273C10A400CC905A /* ViewControllers */ = {
			isa = PBXGroup;
			children = (
				646AB8EE273BDB8B00CC905A /* HomeViewController.swift */,
			);
			path = ViewControllers;
			sourceTree = "<group>";
		};
		646AB8FF273C10F800CC905A /* Views */ = {
			isa = PBXGroup;
			children = (
				646AB900273C112B00CC905A /* BottomControlView.swift */,
				646AB905273CB6A800CC905A /* TopControlView.swift */,
				646AB910273CD37100CC905A /* CardView.swift */,
				646AB914273D1CFC00CC905A /* CardInfoLabel.swift */,
				646AB918273D23C400CC905A /* CardImageView.swift */,
			);
			path = Views;
			sourceTree = "<group>";
		};
		646AB902273C1E2400CC905A /* Extensions */ = {
			isa = PBXGroup;
			children = (
				646AB903273C1E4200CC905A /* UIImage-Extension.swift */,
				646AB90E273CCC5100CC905A /* UIView-Extension.swift */,
				646AB912273D009D00CC905A /* UIColor-Extension.swift */,
				646AB916273D22AD00CC905A /* UIButton-Extension.swift */,
			);
			path = Extensions;
			sourceTree = "<group>";
		};
/* End PBXGroup section */

/* Begin PBXNativeTarget section */
		646AB8E6273BDB8B00CC905A /* MatchingApp */ = {
			isa = PBXNativeTarget;
			buildConfigurationList = 646AB8FB273BDB8D00CC905A /* Build configuration list for PBXNativeTarget "MatchingApp" */;
			buildPhases = (
				646AB8E3273BDB8B00CC905A /* Sources */,
				646AB8E4273BDB8B00CC905A /* Frameworks */,
				646AB8E5273BDB8B00CC905A /* Resources */,
			);
			buildRules = (
			);
			dependencies = (
			);
			name = MatchingApp;
			packageProductDependencies = (
				646AB908273CBF1000CC905A /* RxSwift */,
				646AB90A273CBF1000CC905A /* RxCocoa */,
				646AB90C273CBF1000CC905A /* RxRelay */,
			);
			productName = MatchingApp;
			productReference = 646AB8E7273BDB8B00CC905A /* MatchingApp.app */;
			productType = "com.apple.product-type.application";
		};
/* End PBXNativeTarget section */

/* Begin PBXProject section */
		646AB8DF273BDB8B00CC905A /* Project object */ = {
			isa = PBXProject;
			attributes = {
				LastSwiftUpdateCheck = 1250;
				LastUpgradeCheck = 1250;
				TargetAttributes = {
					646AB8E6273BDB8B00CC905A = {
						CreatedOnToolsVersion = 12.5.1;
					};
				};
			};
			buildConfigurationList = 646AB8E2273BDB8B00CC905A /* Build configuration list for PBXProject "MatchingApp" */;
			compatibilityVersion = "Xcode 9.3";
			developmentRegion = en;
			hasScannedForEncodings = 0;
			knownRegions = (
				en,
				Base,
			);
			mainGroup = 646AB8DE273BDB8B00CC905A;
			packageReferences = (
				646AB907273CBF1000CC905A /* XCRemoteSwiftPackageReference "RxSwift" */,
			);
			productRefGroup = 646AB8E8273BDB8B00CC905A /* Products */;
			projectDirPath = "";
			projectRoot = "";
			targets = (
				646AB8E6273BDB8B00CC905A /* MatchingApp */,
			);
		};
/* End PBXProject section */

/* Begin PBXResourcesBuildPhase section */
		646AB8E5273BDB8B00CC905A /* Resources */ = {
			isa = PBXResourcesBuildPhase;
			buildActionMask = 2147483647;
			files = (
				646AB8F7273BDB8D00CC905A /* LaunchScreen.storyboard in Resources */,
				646AB8F4273BDB8D00CC905A /* Assets.xcassets in Resources */,
			);
			runOnlyForDeploymentPostprocessing = 0;
		};
/* End PBXResourcesBuildPhase section */

/* Begin PBXSourcesBuildPhase section */
		646AB8E3273BDB8B00CC905A /* Sources */ = {
			isa = PBXSourcesBuildPhase;
			buildActionMask = 2147483647;
			files = (
				646AB906273CB6A800CC905A /* TopControlView.swift in Sources */,
				646AB8EF273BDB8B00CC905A /* HomeViewController.swift in Sources */,
				646AB915273D1CFC00CC905A /* CardInfoLabel.swift in Sources */,
				646AB8EB273BDB8B00CC905A /* AppDelegate.swift in Sources */,
				646AB90F273CCC5100CC905A /* UIView-Extension.swift in Sources */,
				646AB913273D009D00CC905A /* UIColor-Extension.swift in Sources */,
				646AB917273D22AD00CC905A /* UIButton-Extension.swift in Sources */,
				646AB8ED273BDB8B00CC905A /* SceneDelegate.swift in Sources */,
				646AB901273C112B00CC905A /* BottomControlView.swift in Sources */,
				646AB911273CD37100CC905A /* CardView.swift in Sources */,
				646AB919273D23C400CC905A /* CardImageView.swift in Sources */,
				646AB904273C1E4200CC905A /* UIImage-Extension.swift in Sources */,
			);
			runOnlyForDeploymentPostprocessing = 0;
		};
/* End PBXSourcesBuildPhase section */

/* Begin PBXVariantGroup section */
		646AB8F5273BDB8D00CC905A /* LaunchScreen.storyboard */ = {
			isa = PBXVariantGroup;
			children = (
				646AB8F6273BDB8D00CC905A /* Base */,
			);
			name = LaunchScreen.storyboard;
			sourceTree = "<group>";
		};
/* End PBXVariantGroup section */

/* Begin XCBuildConfiguration section */
		646AB8F9273BDB8D00CC905A /* Debug */ = {
			isa = XCBuildConfiguration;
			buildSettings = {
				ALWAYS_SEARCH_USER_PATHS = NO;
				CLANG_ANALYZER_NONNULL = YES;
				CLANG_ANALYZER_NUMBER_OBJECT_CONVERSION = YES_AGGRESSIVE;
				CLANG_CXX_LANGUAGE_STANDARD = "gnu++14";
				CLANG_CXX_LIBRARY = "libc++";
				CLANG_ENABLE_MODULES = YES;
				CLANG_ENABLE_OBJC_ARC = YES;
				CLANG_ENABLE_OBJC_WEAK = YES;
				CLANG_WARN_BLOCK_CAPTURE_AUTORELEASING = YES;
				CLANG_WARN_BOOL_CONVERSION = YES;
				CLANG_WARN_COMMA = YES;
				CLANG_WARN_CONSTANT_CONVERSION = YES;
				CLANG_WARN_DEPRECATED_OBJC_IMPLEMENTATIONS = YES;
				CLANG_WARN_DIRECT_OBJC_ISA_USAGE = YES_ERROR;
				CLANG_WARN_DOCUMENTATION_COMMENTS = YES;
				CLANG_WARN_EMPTY_BODY = YES;
				CLANG_WARN_ENUM_CONVERSION = YES;
				CLANG_WARN_INFINITE_RECURSION = YES;
				CLANG_WARN_INT_CONVERSION = YES;
				CLANG_WARN_NON_LITERAL_NULL_CONVERSION = YES;
				CLANG_WARN_OBJC_IMPLICIT_RETAIN_SELF = YES;
				CLANG_WARN_OBJC_LITERAL_CONVERSION = YES;
				CLANG_WARN_OBJC_ROOT_CLASS = YES_ERROR;
				CLANG_WARN_QUOTED_INCLUDE_IN_FRAMEWORK_HEADER = YES;
				CLANG_WARN_RANGE_LOOP_ANALYSIS = YES;
				CLANG_WARN_STRICT_PROTOTYPES = YES;
				CLANG_WARN_SUSPICIOUS_MOVE = YES;
				CLANG_WARN_UNGUARDED_AVAILABILITY = YES_AGGRESSIVE;
				CLANG_WARN_UNREACHABLE_CODE = YES;
				CLANG_WARN__DUPLICATE_METHOD_MATCH = YES;
				COPY_PHASE_STRIP = NO;
				DEBUG_INFORMATION_FORMAT = dwarf;
				ENABLE_STRICT_OBJC_MSGSEND = YES;
				ENABLE_TESTABILITY = YES;
				GCC_C_LANGUAGE_STANDARD = gnu11;
				GCC_DYNAMIC_NO_PIC = NO;
				GCC_NO_COMMON_BLOCKS = YES;
				GCC_OPTIMIZATION_LEVEL = 0;
				GCC_PREPROCESSOR_DEFINITIONS = (
					"DEBUG=1",
					"$(inherited)",
				);
				GCC_WARN_64_TO_32_BIT_CONVERSION = YES;
				GCC_WARN_ABOUT_RETURN_TYPE = YES_ERROR;
				GCC_WARN_UNDECLARED_SELECTOR = YES;
				GCC_WARN_UNINITIALIZED_AUTOS = YES_AGGRESSIVE;
				GCC_WARN_UNUSED_FUNCTION = YES;
				GCC_WARN_UNUSED_VARIABLE = YES;
				IPHONEOS_DEPLOYMENT_TARGET = 14.5;
				MTL_ENABLE_DEBUG_INFO = INCLUDE_SOURCE;
				MTL_FAST_MATH = YES;
				ONLY_ACTIVE_ARCH = YES;
				SDKROOT = iphoneos;
				SWIFT_ACTIVE_COMPILATION_CONDITIONS = DEBUG;
				SWIFT_OPTIMIZATION_LEVEL = "-Onone";
			};
			name = Debug;
		};
		646AB8FA273BDB8D00CC905A /* Release */ = {
			isa = XCBuildConfiguration;
			buildSettings = {
				ALWAYS_SEARCH_USER_PATHS = NO;
				CLANG_ANALYZER_NONNULL = YES;
				CLANG_ANALYZER_NUMBER_OBJECT_CONVERSION = YES_AGGRESSIVE;
				CLANG_CXX_LANGUAGE_STANDARD = "gnu++14";
				CLANG_CXX_LIBRARY = "libc++";
				CLANG_ENABLE_MODULES = YES;
				CLANG_ENABLE_OBJC_ARC = YES;
				CLANG_ENABLE_OBJC_WEAK = YES;
				CLANG_WARN_BLOCK_CAPTURE_AUTORELEASING = YES;
				CLANG_WARN_BOOL_CONVERSION = YES;
				CLANG_WARN_COMMA = YES;
				CLANG_WARN_CONSTANT_CONVERSION = YES;
				CLANG_WARN_DEPRECATED_OBJC_IMPLEMENTATIONS = YES;
				CLANG_WARN_DIRECT_OBJC_ISA_USAGE = YES_ERROR;
				CLANG_WARN_DOCUMENTATION_COMMENTS = YES;
				CLANG_WARN_EMPTY_BODY = YES;
				CLANG_WARN_ENUM_CONVERSION = YES;
				CLANG_WARN_INFINITE_RECURSION = YES;
				CLANG_WARN_INT_CONVERSION = YES;
				CLANG_WARN_NON_LITERAL_NULL_CONVERSION = YES;
				CLANG_WARN_OBJC_IMPLICIT_RETAIN_SELF = YES;
				CLANG_WARN_OBJC_LITERAL_CONVERSION = YES;
				CLANG_WARN_OBJC_ROOT_CLASS = YES_ERROR;
				CLANG_WARN_QUOTED_INCLUDE_IN_FRAMEWORK_HEADER = YES;
				CLANG_WARN_RANGE_LOOP_ANALYSIS = YES;
				CLANG_WARN_STRICT_PROTOTYPES = YES;
				CLANG_WARN_SUSPICIOUS_MOVE = YES;
				CLANG_WARN_UNGUARDED_AVAILABILITY = YES_AGGRESSIVE;
				CLANG_WARN_UNREACHABLE_CODE = YES;
				CLANG_WARN__DUPLICATE_METHOD_MATCH = YES;
				COPY_PHASE_STRIP = NO;
				DEBUG_INFORMATION_FORMAT = "dwarf-with-dsym";
				ENABLE_NS_ASSERTIONS = NO;
				ENABLE_STRICT_OBJC_MSGSEND = YES;
				GCC_C_LANGUAGE_STANDARD = gnu11;
				GCC_NO_COMMON_BLOCKS = YES;
				GCC_WARN_64_TO_32_BIT_CONVERSION = YES;
				GCC_WARN_ABOUT_RETURN_TYPE = YES_ERROR;
				GCC_WARN_UNDECLARED_SELECTOR = YES;
				GCC_WARN_UNINITIALIZED_AUTOS = YES_AGGRESSIVE;
				GCC_WARN_UNUSED_FUNCTION = YES;
				GCC_WARN_UNUSED_VARIABLE = YES;
				IPHONEOS_DEPLOYMENT_TARGET = 14.5;
				MTL_ENABLE_DEBUG_INFO = NO;
				MTL_FAST_MATH = YES;
				SDKROOT = iphoneos;
				SWIFT_COMPILATION_MODE = wholemodule;
				SWIFT_OPTIMIZATION_LEVEL = "-O";
				VALIDATE_PRODUCT = YES;
			};
			name = Release;
		};
		646AB8FC273BDB8D00CC905A /* Debug */ = {
			isa = XCBuildConfiguration;
			buildSettings = {
				ASSETCATALOG_COMPILER_APPICON_NAME = AppIcon;
				ASSETCATALOG_COMPILER_GLOBAL_ACCENT_COLOR_NAME = AccentColor;
				CODE_SIGN_STYLE = Automatic;
				DEVELOPMENT_TEAM = J8LP9MW8T8;
				INFOPLIST_FILE = MatchingApp/Info.plist;
				LD_RUNPATH_SEARCH_PATHS = (
					"$(inherited)",
					"@executable_path/Frameworks",
				);
				PRODUCT_BUNDLE_IDENTIFIER = jp.tomokazu.takahashi.MatchingApp;
				PRODUCT_NAME = "$(TARGET_NAME)";
				SWIFT_VERSION = 5.0;
				TARGETED_DEVICE_FAMILY = "1,2";
			};
			name = Debug;
		};
		646AB8FD273BDB8D00CC905A /* Release */ = {
			isa = XCBuildConfiguration;
			buildSettings = {
				ASSETCATALOG_COMPILER_APPICON_NAME = AppIcon;
				ASSETCATALOG_COMPILER_GLOBAL_ACCENT_COLOR_NAME = AccentColor;
				CODE_SIGN_STYLE = Automatic;
				DEVELOPMENT_TEAM = J8LP9MW8T8;
				INFOPLIST_FILE = MatchingApp/Info.plist;
				LD_RUNPATH_SEARCH_PATHS = (
					"$(inherited)",
					"@executable_path/Frameworks",
				);
				PRODUCT_BUNDLE_IDENTIFIER = jp.tomokazu.takahashi.MatchingApp;
				PRODUCT_NAME = "$(TARGET_NAME)";
				SWIFT_VERSION = 5.0;
				TARGETED_DEVICE_FAMILY = "1,2";
			};
			name = Release;
		};
/* End XCBuildConfiguration section */

/* Begin XCConfigurationList section */
		646AB8E2273BDB8B00CC905A /* Build configuration list for PBXProject "MatchingApp" */ = {
			isa = XCConfigurationList;
			buildConfigurations = (
				646AB8F9273BDB8D00CC905A /* Debug */,
				646AB8FA273BDB8D00CC905A /* Release */,
			);
			defaultConfigurationIsVisible = 0;
			defaultConfigurationName = Release;
		};
		646AB8FB273BDB8D00CC905A /* Build configuration list for PBXNativeTarget "MatchingApp" */ = {
			isa = XCConfigurationList;
			buildConfigurations = (
				646AB8FC273BDB8D00CC905A /* Debug */,
				646AB8FD273BDB8D00CC905A /* Release */,
			);
			defaultConfigurationIsVisible = 0;
			defaultConfigurationName = Release;
		};
/* End XCConfigurationList section */

/* Begin XCRemoteSwiftPackageReference section */
		646AB907273CBF1000CC905A /* XCRemoteSwiftPackageReference "RxSwift" */ = {
			isa = XCRemoteSwiftPackageReference;
			repositoryURL = "https://github.com/ReactiveX/RxSwift";
			requirement = {
				kind = exactVersion;
				version = 6.2.0;
			};
		};
/* End XCRemoteSwiftPackageReference section */

/* Begin XCSwiftPackageProductDependency section */
		646AB908273CBF1000CC905A /* RxSwift */ = {
			isa = XCSwiftPackageProductDependency;
			package = 646AB907273CBF1000CC905A /* XCRemoteSwiftPackageReference "RxSwift" */;
			productName = RxSwift;
		};
		646AB90A273CBF1000CC905A /* RxCocoa */ = {
			isa = XCSwiftPackageProductDependency;
			package = 646AB907273CBF1000CC905A /* XCRemoteSwiftPackageReference "RxSwift" */;
			productName = RxCocoa;
		};
		646AB90C273CBF1000CC905A /* RxRelay */ = {
			isa = XCSwiftPackageProductDependency;
			package = 646AB907273CBF1000CC905A /* XCRemoteSwiftPackageReference "RxSwift" */;
			productName = RxRelay;
		};
/* End XCSwiftPackageProductDependency section */
	};
	rootObject = 646AB8DF273BDB8B00CC905A /* Project object */;
}
